
Microsoft Visual Studio Solution File, Format Version 12.00
# Visual Studio Version 16
VisualStudioVersion = 16.0.31605.320
MinimumVisualStudioVersion = 10.0.40219.1
Project("{FAE04EC0-301F-11D3-BF4B-00C04F79EFBC}") = "BT05", "BT05.csproj", "{CD31D89B-91CF-4D38-A9A0-54FFEAFD066B}"
EndProject
Global
	GlobalSection(SolutionConfigurationPlatforms) = preSolution
		Debug|Any CPU = Debug|Any CPU
		Release|Any CPU = Release|Any CPU
	EndGlobalSection
	GlobalSection(ProjectConfigurationPlatforms) = postSolution
		{CD31D89B-91CF-4D38-A9A0-54FFEAFD066B}.Debug|Any CPU.ActiveCfg = Debug|Any CPU
		{CD31D89B-91CF-4D38-A9A0-54FFEAFD066B}.Debug|Any CPU.Build.0 = Debug|Any CPU
		{CD31D89B-91CF-4D38-A9A0-54FFEAFD066B}.Release|Any CPU.ActiveCfg = Release|Any CPU
		{CD31D89B-91CF-4D38-A9A0-54FFEAFD066B}.Release|Any CPU.Build.0 = Release|Any CPU
	EndGlobalSection
	GlobalSection(SolutionProperties) = preSolution
		HideSolutionNode = FALSE
	EndGlobalSection
	GlobalSection(ExtensibilityGlobals) = postSolution
		SolutionGuid = {C7E4161B-E463-41F7-8545-B4503699940C}
	EndGlobalSection
EndGlobal
